
Microsoft Visual Studio Solution File, Format Version 12.00
# Visual Studio Version 17
VisualStudioVersion = 17.8.34322.80
MinimumVisualStudioVersion = 10.0.40219.1
Project("{F184B08F-C81C-45F6-A57F-5ABD9991F28F}") = "DoAnVb", "DoAnVb\DoAnVb.vbproj", "{ECCCD38E-5325-4BDD-9E91-38A7464AD23D}"
EndProject
Global
	GlobalSection(SolutionConfigurationPlatforms) = preSolution
		Debug|Any CPU = Debug|Any CPU
		Release|Any CPU = Release|Any CPU
	EndGlobalSection
	GlobalSection(ProjectConfigurationPlatforms) = postSolution
		{ECCCD38E-5325-4BDD-9E91-38A7464AD23D}.Debug|Any CPU.ActiveCfg = Debug|Any CPU
		{ECCCD38E-5325-4BDD-9E91-38A7464AD23D}.Debug|Any CPU.Build.0 = Debug|Any CPU
		{ECCCD38E-5325-4BDD-9E91-38A7464AD23D}.Release|Any CPU.ActiveCfg = Release|Any CPU
		{ECCCD38E-5325-4BDD-9E91-38A7464AD23D}.Release|Any CPU.Build.0 = Release|Any CPU
	EndGlobalSection
	GlobalSection(SolutionProperties) = preSolution
		HideSolutionNode = FALSE
	EndGlobalSection
	GlobalSection(ExtensibilityGlobals) = postSolution
		SolutionGuid = {44CDE29C-9378-4203-8D4F-39D912AE4D6B}
	EndGlobalSection
EndGlobal
